<Solution>
  <Project Path="Util.AuthorizationHelper/Util.AuthorizationHelper.csproj" />
  <Folder Name="/Solution Items/">
    <File Path=".github/workflows/nuget_push.yml" />
    <File Path=".github/workflows/nuget_push2.yml" />
  </Folder>
  <Project Path="Util.AuthorizationHelper.Controllers.Test/Util.AuthorizationHelper.Controllers.Test.csproj" Id="c793fdc0-4067-4f2d-b267-00adc3bdb1dd" />
  <Project Path="Util.AuthorizationHelper.Controllers.WebApiTester/Util.AuthorizationHelper.Controllers.WebApiTester.csproj" Id="25fb137d-645f-49a9-bad1-599d4e68f4e4" />
  <Project Path="Util.AuthorizationHelper.Controllers/Util.AuthorizationHelper.Controllers.csproj" Id="c3362b9d-28d4-4685-9bcf-9e9e1cb2d3e2" />
  <Project Path="Util.AuthorizationHelper.Test/Util.AuthorizationHelper.Test.csproj" />
</Solution>
